
Microsoft Visual Studio Solution File, Format Version 12.00
# Visual Studio Version 17
VisualStudioVersion = 17.4.33213.308
MinimumVisualStudioVersion = 10.0.40219.1
Project("{FAE04EC0-301F-11D3-BF4B-00C04F79EFBC}") = "New_API_Work", "New_API_Work\New_API_Work.csproj", "{A57BF7A3-6EC5-40D3-9AC4-6FB84BE32C7D}"
EndProject
Global
	GlobalSection(SolutionConfigurationPlatforms) = preSolution
		Debug|Any CPU = Debug|Any CPU
		Release|Any CPU = Release|Any CPU
	EndGlobalSection
	GlobalSection(ProjectConfigurationPlatforms) = postSolution
		{A57BF7A3-6EC5-40D3-9AC4-6FB84BE32C7D}.Debug|Any CPU.ActiveCfg = Debug|Any CPU
		{A57BF7A3-6EC5-40D3-9AC4-6FB84BE32C7D}.Debug|Any CPU.Build.0 = Debug|Any CPU
		{A57BF7A3-6EC5-40D3-9AC4-6FB84BE32C7D}.Release|Any CPU.ActiveCfg = Release|Any CPU
		{A57BF7A3-6EC5-40D3-9AC4-6FB84BE32C7D}.Release|Any CPU.Build.0 = Release|Any CPU
	EndGlobalSection
	GlobalSection(SolutionProperties) = preSolution
		HideSolutionNode = FALSE
	EndGlobalSection
	GlobalSection(ExtensibilityGlobals) = postSolution
		SolutionGuid = {C22E611C-A93C-4406-A3D4-E623E14DF9B0}
	EndGlobalSection
EndGlobal
